PODS:
  - Flutter (1.0.0)
  - imgly_sdk (3.3.0):
    - Flutter
    - imglyKit (~> 11.4)
  - imglyKit (11.10.2)

DEPENDENCIES:
  - Flutter (from `Flutter`)
  - imgly_sdk (from `.symlinks/plugins/imgly_sdk/ios`)

SPEC REPOS:
  trunk:
    - imglyKit

EXTERNAL SOURCES:
  Flutter:
    :path: Flutter
  imgly_sdk:
    :path: ".symlinks/plugins/imgly_sdk/ios"

SPEC CHECKSUMS:
  Flutter: cabc95a1d2626b1b06e7179b784ebcf0c0cde467
  imgly_sdk: 9af492a2ff07766d996a8431fbff958461dd3b2f
  imglyKit: 0e5afb6a03202228b17aa4e9a387d9c7f371a94c

PODFILE CHECKSUM: 0dbd5a87e0ace00c9610d2037ac22083a01f861d

COCOAPODS: 1.15.2
