PODS:
  - Flutter (1.0.0)
  - imgly_sdk (1.0.0):
    - Flutter
    - imglyKit (~> 10.21)
  - imglyKit (10.21.5)

DEPENDENCIES:
  - Flutter (from `Flutter`)
  - imgly_sdk (from `.symlinks/plugins/imgly_sdk/ios`)

SPEC REPOS:
  trunk:
    - imglyKit

EXTERNAL SOURCES:
  Flutter:
    :path: Flutter
  imgly_sdk:
    :path: ".symlinks/plugins/imgly_sdk/ios"

SPEC CHECKSUMS:
  Flutter: 0e3d915762c693b495b44d77113d4970485de6ec
  imgly_sdk: e6445987d252d89956c6039d1f2440ddc6896f70
  imglyKit: 695281b0f1a33a08b44833d462f03c14e578ff43

PODFILE CHECKSUM: aafe91acc616949ddb318b77800a7f51bffa2a4c

COCOAPODS: 1.10.1
